<?xml version="1.0" encoding="UTF-8" standalone="yes" ?>
<CodeBlocks_project_file>
	<FileVersion major="1" minor="6" />
	<Project>
		<Option title="PathfindingAlgorithm" />
		<Option pch_mode="2" />
		<Option compiler="gcc" />
		<Build>
			<Target title="Debug">
				<Option output="bin/Debug/PathfindingAlgorithm" prefix_auto="1" extension_auto="1" />
				<Option object_output="obj/Debug/" />
				<Option type="1" />
				<Option compiler="gcc" />
				<Compiler>
					<Add option="-g" />
				</Compiler>
				<Linker>
					<Add library="sfml-graphics-d" />
					<Add library="sfml-network-d" />
					<Add library="sfml-audio-d" />
					<Add library="sfml-system-d" />
					<Add library="sfml-window-d" />
				</Linker>
			</Target>
			<Target title="Release">
				<Option output="bin/Release/PathfindingAlgorithm" prefix_auto="1" extension_auto="1" />
				<Option object_output="obj/Release/" />
				<Option type="1" />
				<Option compiler="gcc" />
				<Compiler>
					<Add option="-O2" />
				</Compiler>
				<Linker>
					<Add option="-s" />
					<Add library="sfml-graphics" />
					<Add library="sfml-network" />
					<Add library="sfml-audio" />
					<Add library="sfml-system" />
					<Add library="sfml-window" />
				</Linker>
			</Target>
		</Build>
		<Compiler>
			<Add option="-Wall" />
			<Add option="-std=c++14" />
			<Add option="-fexceptions" />
			<Add directory="D:/dev/_Programming Libraries/SFML-2.5.1/include" />
		</Compiler>
		<Linker>
			<Add directory="D:/dev/_Programming Libraries/SFML-2.5.1/lib" />
		</Linker>
		<Unit filename="Source/Application.cpp" />
		<Unit filename="Source/Application.h" />
		<Unit filename="Source/Grid.cpp" />
		<Unit filename="Source/Grid.h" />
		<Unit filename="Source/MinHeap.cpp" />
		<Unit filename="Source/MinHeap.h" />
		<Unit filename="Source/Node.cpp" />
		<Unit filename="Source/Node.h" />
		<Unit filename="Source/PathFindingAlgorithm.cpp" />
		<Unit filename="Source/PathFindingAlgorithm.h" />
		<Unit filename="main.cpp" />
		<Unit filename="openal32.dll" />
		<Unit filename="sfml-audio-2.dll" />
		<Unit filename="sfml-audio-d-2.dll" />
		<Unit filename="sfml-graphics-2.dll" />
		<Unit filename="sfml-graphics-d-2.dll" />
		<Unit filename="sfml-network-2.dll" />
		<Unit filename="sfml-network-d-2.dll" />
		<Unit filename="sfml-system-2.dll" />
		<Unit filename="sfml-system-d-2.dll" />
		<Unit filename="sfml-window-2.dll" />
		<Unit filename="sfml-window-d-2.dll" />
		<Extensions>
			<code_completion />
			<envvars />
			<debugger />
			<lib_finder disable_auto="1" />
		</Extensions>
	</Project>
</CodeBlocks_project_file>
